{
    "name": "staruml-model-interchange",
    "version": "0.1.5",
    "lockfileVersion": 1,
    "requires": true,
    "dependencies": {
        "async-foreach": {
            "version": "0.1.3",
            "resolved": "https://registry.npmjs.org/async-foreach/-/async-foreach-0.1.3.tgz",
            "integrity": "sha1-NhIfhFwFeBct5Bmpfb6x0W7DRUI="
        },
        "circular-json": {
            "version": "0.5.9",
            "resolved": "https://registry.npmjs.org/circular-json/-/circular-json-0.5.9.tgz",
            "integrity": "sha512-4ivwqHpIFJZBuhN3g/pEcdbnGUywkBblloGbkglyloVjjR3uT6tieI89MVOfbP2tHX5sgb01FuLgAOzebNlJNQ=="
        },
        "debug": {
            "version": "4.1.1",
            "resolved": "https://registry.npmjs.org/debug/-/debug-4.1.1.tgz",
            "integrity": "sha512-pYAIzeRo8J6KPEaJ0VWOh5Pzkbw/RetuzehGM7QRRX5he4fPHx2rdKMB256ehJCkX+XRQm16eZLqLNS8RSZXZw==",
            "requires": {
                "ms": "^2.1.1"
            }
        },
        "junk": {
            "version": "3.1.0",
            "resolved": "https://registry.npmjs.org/junk/-/junk-3.1.0.tgz",
            "integrity": "sha512-pBxcB3LFc8QVgdggvZWyeys+hnrNWg4OcZIU/1X59k5jQdLBlCsYGRQaz234SqoRLTCgMH00fY0xRJH+F9METQ=="
        },
        "ms": {
            "version": "2.1.2",
            "resolved": "https://registry.npmjs.org/ms/-/ms-2.1.2.tgz",
            "integrity": "sha512-sGkPx+VjMtmA6MX27oA4FBFELFCZZ4S4XqeGOXCv68tT+jb3vk/RyaKWP0PTKyWtmLSM0b+adUTEvbs1PEaH2w=="
        },
        "simple-git": {
            "version": "1.128.0",
            "resolved": "https://registry.npmjs.org/simple-git/-/simple-git-1.128.0.tgz",
            "integrity": "sha512-bi8ff+gA+GJgmskbkbLBuykkvsuWv0lPEXjCDQkUvr2DrOpsVcowk9BqqQAl8gQkiyLhzgFIKvirDiwWFBDMqg==",
            "requires": {
                "debug": "^4.0.1"
            }
        }
    }
}
